
Microsoft Visual Studio Solution File, Format Version 12.00
# Visual Studio Version 17
VisualStudioVersion = 17.5.33502.453
MinimumVisualStudioVersion = 10.0.40219.1
Project("{F2A71F9B-5D33-465A-A702-920D77279786}") = "SnakeGame", "SnakeGame\SnakeGame.fsproj", "{13620F70-D9DE-4FB7-A7EC-21061EC94C7F}"
EndProject
Global
	GlobalSection(SolutionConfigurationPlatforms) = preSolution
		Debug|Any CPU = Debug|Any CPU
		Release|Any CPU = Release|Any CPU
	EndGlobalSection
	GlobalSection(ProjectConfigurationPlatforms) = postSolution
		{13620F70-D9DE-4FB7-A7EC-21061EC94C7F}.Debug|Any CPU.ActiveCfg = Debug|Any CPU
		{13620F70-D9DE-4FB7-A7EC-21061EC94C7F}.Debug|Any CPU.Build.0 = Debug|Any CPU
		{13620F70-D9DE-4FB7-A7EC-21061EC94C7F}.Release|Any CPU.ActiveCfg = Release|Any CPU
		{13620F70-D9DE-4FB7-A7EC-21061EC94C7F}.Release|Any CPU.Build.0 = Release|Any CPU
	EndGlobalSection
	GlobalSection(SolutionProperties) = preSolution
		HideSolutionNode = FALSE
	EndGlobalSection
	GlobalSection(ExtensibilityGlobals) = postSolution
		SolutionGuid = {EEDF1C31-60F7-4D85-81B7-D253CA03ED84}
	EndGlobalSection
EndGlobal
